
Microsoft Visual Studio Solution File, Format Version 12.00
# Visual Studio 15
VisualStudioVersion = 15.0.27703.2035
MinimumVisualStudioVersion = 10.0.40219.1
Project("{9A19103F-16F7-4668-BE54-9A1E7A4F7556}") = "NetworKit", "NetworKit\NetworKit.csproj", "{EAA0CA9B-B0B2-4B9D-B199-6E2929F5B585}"
EndProject
Project("{2150E333-8FDC-42A3-9474-1A3956D46DE8}") = "Implementations", "Implementations", "{158B7816-E695-443A-B4FA-6C787895E33B}"
EndProject
Project("{2150E333-8FDC-42A3-9474-1A3956D46DE8}") = "Tests", "Tests", "{F3579F67-9933-45CB-A9E7-83974C4ED77E}"
EndProject
Project("{9A19103F-16F7-4668-BE54-9A1E7A4F7556}") = "NetworKit.Tcp", "NetworKit.Tcp\NetworKit.Tcp.csproj", "{53829785-8A72-4744-AAA1-3FA3776D3666}"
EndProject
Project("{2150E333-8FDC-42A3-9474-1A3956D46DE8}") = "Examples", "Examples", "{1CAA9929-0D52-4B37-B6ED-6D67B023125D}"
EndProject
Project("{9A19103F-16F7-4668-BE54-9A1E7A4F7556}") = "NetworKit.ChatExample.Server", "NetworKit.ChatExample.Server\NetworKit.ChatExample.Server.csproj", "{B3779F9B-B707-4EEA-B695-E76BABBA932F}"
EndProject
Project("{9A19103F-16F7-4668-BE54-9A1E7A4F7556}") = "NetworKit.ChatExample.Client", "NetworKit.ChatExample.Client\NetworKit.ChatExample.Client.csproj", "{F0AB0940-476C-4F7E-8987-3DE8E836AD5C}"
EndProject
Project("{9A19103F-16F7-4668-BE54-9A1E7A4F7556}") = "NetworKit.Reactive", "NetworKit.Reactive\NetworKit.Reactive.csproj", "{C7C1D0CE-9BAF-41FC-9F76-C459C82F46E6}"
EndProject
Project("{9A19103F-16F7-4668-BE54-9A1E7A4F7556}") = "NetworKit.Tcp.Tests", "NetworKit.Tcp.Tests\NetworKit.Tcp.Tests.csproj", "{B2EC8D6C-7336-490B-BFC6-474A0C7083AC}"
EndProject
Global
	GlobalSection(SolutionConfigurationPlatforms) = preSolution
		Debug|Any CPU = Debug|Any CPU
		Release|Any CPU = Release|Any CPU
	EndGlobalSection
	GlobalSection(ProjectConfigurationPlatforms) = postSolution
		{EAA0CA9B-B0B2-4B9D-B199-6E2929F5B585}.Debug|Any CPU.ActiveCfg = Debug|Any CPU
		{EAA0CA9B-B0B2-4B9D-B199-6E2929F5B585}.Debug|Any CPU.Build.0 = Debug|Any CPU
		{EAA0CA9B-B0B2-4B9D-B199-6E2929F5B585}.Release|Any CPU.ActiveCfg = Release|Any CPU
		{EAA0CA9B-B0B2-4B9D-B199-6E2929F5B585}.Release|Any CPU.Build.0 = Release|Any CPU
		{53829785-8A72-4744-AAA1-3FA3776D3666}.Debug|Any CPU.ActiveCfg = Debug|Any CPU
		{53829785-8A72-4744-AAA1-3FA3776D3666}.Debug|Any CPU.Build.0 = Debug|Any CPU
		{53829785-8A72-4744-AAA1-3FA3776D3666}.Release|Any CPU.ActiveCfg = Release|Any CPU
		{53829785-8A72-4744-AAA1-3FA3776D3666}.Release|Any CPU.Build.0 = Release|Any CPU
		{B3779F9B-B707-4EEA-B695-E76BABBA932F}.Debug|Any CPU.ActiveCfg = Debug|Any CPU
		{B3779F9B-B707-4EEA-B695-E76BABBA932F}.Debug|Any CPU.Build.0 = Debug|Any CPU
		{B3779F9B-B707-4EEA-B695-E76BABBA932F}.Release|Any CPU.ActiveCfg = Release|Any CPU
		{B3779F9B-B707-4EEA-B695-E76BABBA932F}.Release|Any CPU.Build.0 = Release|Any CPU
		{F0AB0940-476C-4F7E-8987-3DE8E836AD5C}.Debug|Any CPU.ActiveCfg = Debug|Any CPU
		{F0AB0940-476C-4F7E-8987-3DE8E836AD5C}.Debug|Any CPU.Build.0 = Debug|Any CPU
		{F0AB0940-476C-4F7E-8987-3DE8E836AD5C}.Release|Any CPU.ActiveCfg = Release|Any CPU
		{F0AB0940-476C-4F7E-8987-3DE8E836AD5C}.Release|Any CPU.Build.0 = Release|Any CPU
		{C7C1D0CE-9BAF-41FC-9F76-C459C82F46E6}.Debug|Any CPU.ActiveCfg = Debug|Any CPU
		{C7C1D0CE-9BAF-41FC-9F76-C459C82F46E6}.Debug|Any CPU.Build.0 = Debug|Any CPU
		{C7C1D0CE-9BAF-41FC-9F76-C459C82F46E6}.Release|Any CPU.ActiveCfg = Release|Any CPU
		{C7C1D0CE-9BAF-41FC-9F76-C459C82F46E6}.Release|Any CPU.Build.0 = Release|Any CPU
		{B2EC8D6C-7336-490B-BFC6-474A0C7083AC}.Debug|Any CPU.ActiveCfg = Debug|Any CPU
		{B2EC8D6C-7336-490B-BFC6-474A0C7083AC}.Debug|Any CPU.Build.0 = Debug|Any CPU
		{B2EC8D6C-7336-490B-BFC6-474A0C7083AC}.Release|Any CPU.ActiveCfg = Release|Any CPU
		{B2EC8D6C-7336-490B-BFC6-474A0C7083AC}.Release|Any CPU.Build.0 = Release|Any CPU
	EndGlobalSection
	GlobalSection(SolutionProperties) = preSolution
		HideSolutionNode = FALSE
	EndGlobalSection
	GlobalSection(NestedProjects) = preSolution
		{53829785-8A72-4744-AAA1-3FA3776D3666} = {158B7816-E695-443A-B4FA-6C787895E33B}
		{B3779F9B-B707-4EEA-B695-E76BABBA932F} = {1CAA9929-0D52-4B37-B6ED-6D67B023125D}
		{F0AB0940-476C-4F7E-8987-3DE8E836AD5C} = {1CAA9929-0D52-4B37-B6ED-6D67B023125D}
		{C7C1D0CE-9BAF-41FC-9F76-C459C82F46E6} = {158B7816-E695-443A-B4FA-6C787895E33B}
		{B2EC8D6C-7336-490B-BFC6-474A0C7083AC} = {F3579F67-9933-45CB-A9E7-83974C4ED77E}
	EndGlobalSection
	GlobalSection(ExtensibilityGlobals) = postSolution
		SolutionGuid = {5D76443D-DC50-4770-9CEC-2E963CB45141}
	EndGlobalSection
EndGlobal
